
Microsoft Visual Studio Solution File, Format Version 12.00
# Visual Studio 15
VisualStudioVersion = 15.0.27130.2024
MinimumVisualStudioVersion = 10.0.40219.1
Project("{FAE04EC0-301F-11D3-BF4B-00C04F79EFBC}") = "EShop.API", "EShop.API\EShop.API.csproj", "{C2DF4A0A-CE85-4D44-9746-9CBA52A774C0}"
	ProjectSection(ProjectDependencies) = postProject
		{B270DF31-9074-4761-8AF3-29638D65786D} = {B270DF31-9074-4761-8AF3-29638D65786D}
		{FAEAFA32-8CCA-4566-9DE2-FE4FC80B715E} = {FAEAFA32-8CCA-4566-9DE2-FE4FC80B715E}
		{86E2FA3B-371E-4D28-9C8B-7E87F0D5B001} = {86E2FA3B-371E-4D28-9C8B-7E87F0D5B001}
		{B584FB43-3EC9-4B22-991A-902E7139F659} = {B584FB43-3EC9-4B22-991A-902E7139F659}
		{B1D5B592-D9A2-4CC5-AC2C-5A703DE7FA10} = {B1D5B592-D9A2-4CC5-AC2C-5A703DE7FA10}
		{02DB6D9F-B7B2-44DB-925E-EB6FDC45F5B5} = {02DB6D9F-B7B2-44DB-925E-EB6FDC45F5B5}
	EndProjectSection
EndProject
Project("{FAE04EC0-301F-11D3-BF4B-00C04F79EFBC}") = "EShop.Cache", "EShop.Cache\EShop.Cache.csproj", "{B1D5B592-D9A2-4CC5-AC2C-5A703DE7FA10}"
EndProject
Project("{FAE04EC0-301F-11D3-BF4B-00C04F79EFBC}") = "EShop.Configuration", "EShop.Configuration\EShop.Configuration.csproj", "{86E2FA3B-371E-4D28-9C8B-7E87F0D5B001}"
EndProject
Project("{FAE04EC0-301F-11D3-BF4B-00C04F79EFBC}") = "EShop.Data", "EShop.DataAccess\EShop.Data.csproj", "{B270DF31-9074-4761-8AF3-29638D65786D}"
	ProjectSection(ProjectDependencies) = postProject
		{86E2FA3B-371E-4D28-9C8B-7E87F0D5B001} = {86E2FA3B-371E-4D28-9C8B-7E87F0D5B001}
		{B1D5B592-D9A2-4CC5-AC2C-5A703DE7FA10} = {B1D5B592-D9A2-4CC5-AC2C-5A703DE7FA10}
		{02DB6D9F-B7B2-44DB-925E-EB6FDC45F5B5} = {02DB6D9F-B7B2-44DB-925E-EB6FDC45F5B5}
	EndProjectSection
EndProject
Project("{FAE04EC0-301F-11D3-BF4B-00C04F79EFBC}") = "EShop.Entity", "EShop.Entity\EShop.Entity.csproj", "{02DB6D9F-B7B2-44DB-925E-EB6FDC45F5B5}"
	ProjectSection(ProjectDependencies) = postProject
		{86E2FA3B-371E-4D28-9C8B-7E87F0D5B001} = {86E2FA3B-371E-4D28-9C8B-7E87F0D5B001}
	EndProjectSection
EndProject
Project("{FAE04EC0-301F-11D3-BF4B-00C04F79EFBC}") = "EShop.Log", "EShop.Log\EShop.Log.csproj", "{B584FB43-3EC9-4B22-991A-902E7139F659}"
EndProject
Project("{FAE04EC0-301F-11D3-BF4B-00C04F79EFBC}") = "EShop.Logic", "EShop.Logic\EShop.Logic.csproj", "{FAEAFA32-8CCA-4566-9DE2-FE4FC80B715E}"
	ProjectSection(ProjectDependencies) = postProject
		{B270DF31-9074-4761-8AF3-29638D65786D} = {B270DF31-9074-4761-8AF3-29638D65786D}
		{86E2FA3B-371E-4D28-9C8B-7E87F0D5B001} = {86E2FA3B-371E-4D28-9C8B-7E87F0D5B001}
		{B584FB43-3EC9-4B22-991A-902E7139F659} = {B584FB43-3EC9-4B22-991A-902E7139F659}
		{B1D5B592-D9A2-4CC5-AC2C-5A703DE7FA10} = {B1D5B592-D9A2-4CC5-AC2C-5A703DE7FA10}
		{02DB6D9F-B7B2-44DB-925E-EB6FDC45F5B5} = {02DB6D9F-B7B2-44DB-925E-EB6FDC45F5B5}
	EndProjectSection
EndProject
Global
	GlobalSection(SolutionConfigurationPlatforms) = preSolution
		Debug|Any CPU = Debug|Any CPU
		Release|Any CPU = Release|Any CPU
	EndGlobalSection
	GlobalSection(ProjectConfigurationPlatforms) = postSolution
		{C2DF4A0A-CE85-4D44-9746-9CBA52A774C0}.Debug|Any CPU.ActiveCfg = Debug|Any CPU
		{C2DF4A0A-CE85-4D44-9746-9CBA52A774C0}.Debug|Any CPU.Build.0 = Debug|Any CPU
		{C2DF4A0A-CE85-4D44-9746-9CBA52A774C0}.Release|Any CPU.ActiveCfg = Release|Any CPU
		{C2DF4A0A-CE85-4D44-9746-9CBA52A774C0}.Release|Any CPU.Build.0 = Release|Any CPU
		{B1D5B592-D9A2-4CC5-AC2C-5A703DE7FA10}.Debug|Any CPU.ActiveCfg = Debug|Any CPU
		{B1D5B592-D9A2-4CC5-AC2C-5A703DE7FA10}.Debug|Any CPU.Build.0 = Debug|Any CPU
		{B1D5B592-D9A2-4CC5-AC2C-5A703DE7FA10}.Release|Any CPU.ActiveCfg = Release|Any CPU
		{B1D5B592-D9A2-4CC5-AC2C-5A703DE7FA10}.Release|Any CPU.Build.0 = Release|Any CPU
		{86E2FA3B-371E-4D28-9C8B-7E87F0D5B001}.Debug|Any CPU.ActiveCfg = Debug|Any CPU
		{86E2FA3B-371E-4D28-9C8B-7E87F0D5B001}.Debug|Any CPU.Build.0 = Debug|Any CPU
		{86E2FA3B-371E-4D28-9C8B-7E87F0D5B001}.Release|Any CPU.ActiveCfg = Release|Any CPU
		{86E2FA3B-371E-4D28-9C8B-7E87F0D5B001}.Release|Any CPU.Build.0 = Release|Any CPU
		{B270DF31-9074-4761-8AF3-29638D65786D}.Debug|Any CPU.ActiveCfg = Debug|Any CPU
		{B270DF31-9074-4761-8AF3-29638D65786D}.Debug|Any CPU.Build.0 = Debug|Any CPU
		{B270DF31-9074-4761-8AF3-29638D65786D}.Release|Any CPU.ActiveCfg = Release|Any CPU
		{B270DF31-9074-4761-8AF3-29638D65786D}.Release|Any CPU.Build.0 = Release|Any CPU
		{02DB6D9F-B7B2-44DB-925E-EB6FDC45F5B5}.Debug|Any CPU.ActiveCfg = Debug|Any CPU
		{02DB6D9F-B7B2-44DB-925E-EB6FDC45F5B5}.Debug|Any CPU.Build.0 = Debug|Any CPU
		{02DB6D9F-B7B2-44DB-925E-EB6FDC45F5B5}.Release|Any CPU.ActiveCfg = Release|Any CPU
		{02DB6D9F-B7B2-44DB-925E-EB6FDC45F5B5}.Release|Any CPU.Build.0 = Release|Any CPU
		{B584FB43-3EC9-4B22-991A-902E7139F659}.Debug|Any CPU.ActiveCfg = Debug|Any CPU
		{B584FB43-3EC9-4B22-991A-902E7139F659}.Debug|Any CPU.Build.0 = Debug|Any CPU
		{B584FB43-3EC9-4B22-991A-902E7139F659}.Release|Any CPU.ActiveCfg = Release|Any CPU
		{B584FB43-3EC9-4B22-991A-902E7139F659}.Release|Any CPU.Build.0 = Release|Any CPU
		{FAEAFA32-8CCA-4566-9DE2-FE4FC80B715E}.Debug|Any CPU.ActiveCfg = Debug|Any CPU
		{FAEAFA32-8CCA-4566-9DE2-FE4FC80B715E}.Debug|Any CPU.Build.0 = Debug|Any CPU
		{FAEAFA32-8CCA-4566-9DE2-FE4FC80B715E}.Release|Any CPU.ActiveCfg = Release|Any CPU
		{FAEAFA32-8CCA-4566-9DE2-FE4FC80B715E}.Release|Any CPU.Build.0 = Release|Any CPU
	EndGlobalSection
	GlobalSection(SolutionProperties) = preSolution
		HideSolutionNode = FALSE
	EndGlobalSection
	GlobalSection(ExtensibilityGlobals) = postSolution
		SolutionGuid = {79C0DD77-D403-43F3-AB79-90F3A116D95F}
	EndGlobalSection
EndGlobal
